// !$*UTF8*$!
{
	archiveVersion = 1;
	classes = {
	};
	objectVersion = 56;
	objects = {

/* Begin PBXBuildFile section */
		B84BC01D2AF32415007DA73E /* iTourApp.swift in Sources */ = {isa = PBXBuildFile; fileRef = B84BC01C2AF32415007DA73E /* iTourApp.swift */; };
		B84BC01F2AF32415007DA73E /* ContentView.swift in Sources */ = {isa = PBXBuildFile; fileRef = B84BC01E2AF32415007DA73E /* ContentView.swift */; };
		B84BC0212AF32415007DA73E /* Assets.xcassets in Resources */ = {isa = PBXBuildFile; fileRef = B84BC0202AF32415007DA73E /* Assets.xcassets */; };
		B84BC0242AF32415007DA73E /* Preview Assets.xcassets in Resources */ = {isa = PBXBuildFile; fileRef = B84BC0232AF32415007DA73E /* Preview Assets.xcassets */; };
		B84BC02B2AF32458007DA73E /* Destination.swift in Sources */ = {isa = PBXBuildFile; fileRef = B84BC02A2AF32458007DA73E /* Destination.swift */; };
		B84BC02D2AF32970007DA73E /* EditDestinationView.swift in Sources */ = {isa = PBXBuildFile; fileRef = B84BC02C2AF32970007DA73E /* EditDestinationView.swift */; };
		B84BC02F2AF32E07007DA73E /* DestinationListingView.swift in Sources */ = {isa = PBXBuildFile; fileRef = B84BC02E2AF32E07007DA73E /* DestinationListingView.swift */; };
		B84BC0332AF33239007DA73E /* Sight.swift in Sources */ = {isa = PBXBuildFile; fileRef = B84BC0322AF33239007DA73E /* Sight.swift */; };
/* End PBXBuildFile section */

/* Begin PBXFileReference section */
		B84BC0192AF32415007DA73E /* iTour.app */ = {isa = PBXFileReference; explicitFileType = wrapper.application; includeInIndex = 0; path = iTour.app; sourceTree = BUILT_PRODUCTS_DIR; };
		B84BC01C2AF32415007DA73E /* iTourApp.swift */ = {isa = PBXFileReference; lastKnownFileType = sourcecode.swift; path = iTourApp.swift; sourceTree = "<group>"; };
		B84BC01E2AF32415007DA73E /* ContentView.swift */ = {isa = PBXFileReference; lastKnownFileType = sourcecode.swift; path = ContentView.swift; sourceTree = "<group>"; };
		B84BC0202AF32415007DA73E /* Assets.xcassets */ = {isa = PBXFileReference; lastKnownFileType = folder.assetcatalog; path = Assets.xcassets; sourceTree = "<group>"; };
		B84BC0232AF32415007DA73E /* Preview Assets.xcassets */ = {isa = PBXFileReference; lastKnownFileType = folder.assetcatalog; path = "Preview Assets.xcassets"; sourceTree = "<group>"; };
		B84BC02A2AF32458007DA73E /* Destination.swift */ = {isa = PBXFileReference; lastKnownFileType = sourcecode.swift; path = Destination.swift; sourceTree = "<group>"; };
		B84BC02C2AF32970007DA73E /* EditDestinationView.swift */ = {isa = PBXFileReference; lastKnownFileType = sourcecode.swift; path = EditDestinationView.swift; sourceTree = "<group>"; };
		B84BC02E2AF32E07007DA73E /* DestinationListingView.swift */ = {isa = PBXFileReference; lastKnownFileType = sourcecode.swift; path = DestinationListingView.swift; sourceTree = "<group>"; };
		B84BC0322AF33239007DA73E /* Sight.swift */ = {isa = PBXFileReference; lastKnownFileType = sourcecode.swift; path = Sight.swift; sourceTree = "<group>"; };
/* End PBXFileReference section */

/* Begin PBXFrameworksBuildPhase section */
		B84BC0162AF32415007DA73E /* Frameworks */ = {
			isa = PBXFrameworksBuildPhase;
			buildActionMask = 2147483647;
			files = (
			);
			runOnlyForDeploymentPostprocessing = 0;
		};
/* End PBXFrameworksBuildPhase section */

/* Begin PBXGroup section */
		B84BC0102AF32415007DA73E = {
			isa = PBXGroup;
			children = (
				B84BC01B2AF32415007DA73E /* iTour */,
				B84BC01A2AF32415007DA73E /* Products */,
			);
			sourceTree = "<group>";
		};
		B84BC01A2AF32415007DA73E /* Products */ = {
			isa = PBXGroup;
			children = (
				B84BC0192AF32415007DA73E /* iTour.app */,
			);
			name = Products;
			sourceTree = "<group>";
		};
		B84BC01B2AF32415007DA73E /* iTour */ = {
			isa = PBXGroup;
			children = (
				B84BC01C2AF32415007DA73E /* iTourApp.swift */,
				B84BC01E2AF32415007DA73E /* ContentView.swift */,
				B84BC02E2AF32E07007DA73E /* DestinationListingView.swift */,
				B84BC0322AF33239007DA73E /* Sight.swift */,
				B84BC02C2AF32970007DA73E /* EditDestinationView.swift */,
				B84BC02A2AF32458007DA73E /* Destination.swift */,
				B84BC0202AF32415007DA73E /* Assets.xcassets */,
				B84BC0222AF32415007DA73E /* Preview Content */,
			);
			path = iTour;
			sourceTree = "<group>";
		};
		B84BC0222AF32415007DA73E /* Preview Content */ = {
			isa = PBXGroup;
			children = (
				B84BC0232AF32415007DA73E /* Preview Assets.xcassets */,
			);
			path = "Preview Content";
			sourceTree = "<group>";
		};
/* End PBXGroup section */

/* Begin PBXNativeTarget section */
		B84BC0182AF32415007DA73E /* iTour */ = {
			isa = PBXNativeTarget;
			buildConfigurationList = B84BC0272AF32415007DA73E /* Build configuration list for PBXNativeTarget "iTour" */;
			buildPhases = (
				B84BC0152AF32415007DA73E /* Sources */,
				B84BC0162AF32415007DA73E /* Frameworks */,
				B84BC0172AF32415007DA73E /* Resources */,
			);
			buildRules = (
			);
			dependencies = (
			);
			name = iTour;
			productName = iTour;
			productReference = B84BC0192AF32415007DA73E /* iTour.app */;
			productType = "com.apple.product-type.application";
		};
/* End PBXNativeTarget section */

/* Begin PBXProject section */
		B84BC0112AF32415007DA73E /* Project object */ = {
			isa = PBXProject;
			attributes = {
				BuildIndependentTargetsInParallel = 1;
				LastSwiftUpdateCheck = 1500;
				LastUpgradeCheck = 1500;
				TargetAttributes = {
					B84BC0182AF32415007DA73E = {
						CreatedOnToolsVersion = 15.0.1;
					};
				};
			};
			buildConfigurationList = B84BC0142AF32415007DA73E /* Build configuration list for PBXProject "iTour" */;
			compatibilityVersion = "Xcode 14.0";
			developmentRegion = en;
			hasScannedForEncodings = 0;
			knownRegions = (
				en,
				Base,
			);
			mainGroup = B84BC0102AF32415007DA73E;
			productRefGroup = B84BC01A2AF32415007DA73E /* Products */;
			projectDirPath = "";
			projectRoot = "";
			targets = (
				B84BC0182AF32415007DA73E /* iTour */,
			);
		};
/* End PBXProject section */

/* Begin PBXResourcesBuildPhase section */
		B84BC0172AF32415007DA73E /* Resources */ = {
			isa = PBXResourcesBuildPhase;
			buildActionMask = 2147483647;
			files = (
				B84BC0242AF32415007DA73E /* Preview Assets.xcassets in Resources */,
				B84BC0212AF32415007DA73E /* Assets.xcassets in Resources */,
			);
			runOnlyForDeploymentPostprocessing = 0;
		};
/* End PBXResourcesBuildPhase section */

/* Begin PBXSourcesBuildPhase section */
		B84BC0152AF32415007DA73E /* Sources */ = {
			isa = PBXSourcesBuildPhase;
			buildActionMask = 2147483647;
			files = (
				B84BC01F2AF32415007DA73E /* ContentView.swift in Sources */,
				B84BC01D2AF32415007DA73E /* iTourApp.swift in Sources */,
				B84BC02B2AF32458007DA73E /* Destination.swift in Sources */,
				B84BC0332AF33239007DA73E /* Sight.swift in Sources */,
				B84BC02D2AF32970007DA73E /* EditDestinationView.swift in Sources */,
				B84BC02F2AF32E07007DA73E /* DestinationListingView.swift in Sources */,
			);
			runOnlyForDeploymentPostprocessing = 0;
		};
/* End PBXSourcesBuildPhase section */

/* Begin XCBuildConfiguration section */
		B84BC0252AF32415007DA73E /* Debug */ = {
			isa = XCBuildConfiguration;
			buildSettings = {
				ALWAYS_SEARCH_USER_PATHS = NO;
				ASSETCATALOG_COMPILER_GENERATE_SWIFT_ASSET_SYMBOL_EXTENSIONS = YES;
				CLANG_ANALYZER_NONNULL = YES;
				CLANG_ANALYZER_NUMBER_OBJECT_CONVERSION = YES_AGGRESSIVE;
				CLANG_CXX_LANGUAGE_STANDARD = "gnu++20";
				CLANG_ENABLE_MODULES = YES;
				CLANG_ENABLE_OBJC_ARC = YES;
				CLANG_ENABLE_OBJC_WEAK = YES;
				CLANG_WARN_BLOCK_CAPTURE_AUTORELEASING = YES;
				CLANG_WARN_BOOL_CONVERSION = YES;
				CLANG_WARN_COMMA = YES;
				CLANG_WARN_CONSTANT_CONVERSION = YES;
				CLANG_WARN_DEPRECATED_OBJC_IMPLEMENTATIONS = YES;
				CLANG_WARN_DIRECT_OBJC_ISA_USAGE = YES_ERROR;
				CLANG_WARN_DOCUMENTATION_COMMENTS = YES;
				CLANG_WARN_EMPTY_BODY = YES;
				CLANG_WARN_ENUM_CONVERSION = YES;
				CLANG_WARN_INFINITE_RECURSION = YES;
				CLANG_WARN_INT_CONVERSION = YES;
				CLANG_WARN_NON_LITERAL_NULL_CONVERSION = YES;
				CLANG_WARN_OBJC_IMPLICIT_RETAIN_SELF = YES;
				CLANG_WARN_OBJC_LITERAL_CONVERSION = YES;
				CLANG_WARN_OBJC_ROOT_CLASS = YES_ERROR;
				CLANG_WARN_QUOTED_INCLUDE_IN_FRAMEWORK_HEADER = YES;
				CLANG_WARN_RANGE_LOOP_ANALYSIS = YES;
				CLANG_WARN_STRICT_PROTOTYPES = YES;
				CLANG_WARN_SUSPICIOUS_MOVE = YES;
				CLANG_WARN_UNGUARDED_AVAILABILITY = YES_AGGRESSIVE;
				CLANG_WARN_UNREACHABLE_CODE = YES;
				CLANG_WARN__DUPLICATE_METHOD_MATCH = YES;
				COPY_PHASE_STRIP = NO;
				DEBUG_INFORMATION_FORMAT = dwarf;
				ENABLE_STRICT_OBJC_MSGSEND = YES;
				ENABLE_TESTABILITY = YES;
				ENABLE_USER_SCRIPT_SANDBOXING = YES;
				GCC_C_LANGUAGE_STANDARD = gnu17;
				GCC_DYNAMIC_NO_PIC = NO;
				GCC_NO_COMMON_BLOCKS = YES;
				GCC_OPTIMIZATION_LEVEL = 0;
				GCC_PREPROCESSOR_DEFINITIONS = (
					"DEBUG=1",
					"$(inherited)",
				);
				GCC_WARN_64_TO_32_BIT_CONVERSION = YES;
				GCC_WARN_ABOUT_RETURN_TYPE = YES_ERROR;
				GCC_WARN_UNDECLARED_SELECTOR = YES;
				GCC_WARN_UNINITIALIZED_AUTOS = YES_AGGRESSIVE;
				GCC_WARN_UNUSED_FUNCTION = YES;
				GCC_WARN_UNUSED_VARIABLE = YES;
				IPHONEOS_DEPLOYMENT_TARGET = 17.0;
				LOCALIZATION_PREFERS_STRING_CATALOGS = YES;
				MTL_ENABLE_DEBUG_INFO = INCLUDE_SOURCE;
				MTL_FAST_MATH = YES;
				ONLY_ACTIVE_ARCH = YES;
				SDKROOT = iphoneos;
				SWIFT_ACTIVE_COMPILATION_CONDITIONS = "DEBUG $(inherited)";
				SWIFT_OPTIMIZATION_LEVEL = "-Onone";
			};
			name = Debug;
		};
		B84BC0262AF32415007DA73E /* Release */ = {
			isa = XCBuildConfiguration;
			buildSettings = {
				ALWAYS_SEARCH_USER_PATHS = NO;
				ASSETCATALOG_COMPILER_GENERATE_SWIFT_ASSET_SYMBOL_EXTENSIONS = YES;
				CLANG_ANALYZER_NONNULL = YES;
				CLANG_ANALYZER_NUMBER_OBJECT_CONVERSION = YES_AGGRESSIVE;
				CLANG_CXX_LANGUAGE_STANDARD = "gnu++20";
				CLANG_ENABLE_MODULES = YES;
				CLANG_ENABLE_OBJC_ARC = YES;
				CLANG_ENABLE_OBJC_WEAK = YES;
				CLANG_WARN_BLOCK_CAPTURE_AUTORELEASING = YES;
				CLANG_WARN_BOOL_CONVERSION = YES;
				CLANG_WARN_COMMA = YES;
				CLANG_WARN_CONSTANT_CONVERSION = YES;
				CLANG_WARN_DEPRECATED_OBJC_IMPLEMENTATIONS = YES;
				CLANG_WARN_DIRECT_OBJC_ISA_USAGE = YES_ERROR;
				CLANG_WARN_DOCUMENTATION_COMMENTS = YES;
				CLANG_WARN_EMPTY_BODY = YES;
				CLANG_WARN_ENUM_CONVERSION = YES;
				CLANG_WARN_INFINITE_RECURSION = YES;
				CLANG_WARN_INT_CONVERSION = YES;
				CLANG_WARN_NON_LITERAL_NULL_CONVERSION = YES;
				CLANG_WARN_OBJC_IMPLICIT_RETAIN_SELF = YES;
				CLANG_WARN_OBJC_LITERAL_CONVERSION = YES;
				CLANG_WARN_OBJC_ROOT_CLASS = YES_ERROR;
				CLANG_WARN_QUOTED_INCLUDE_IN_FRAMEWORK_HEADER = YES;
				CLANG_WARN_RANGE_LOOP_ANALYSIS = YES;
				CLANG_WARN_STRICT_PROTOTYPES = YES;
				CLANG_WARN_SUSPICIOUS_MOVE = YES;
				CLANG_WARN_UNGUARDED_AVAILABILITY = YES_AGGRESSIVE;
				CLANG_WARN_UNREACHABLE_CODE = YES;
				CLANG_WARN__DUPLICATE_METHOD_MATCH = YES;
				COPY_PHASE_STRIP = NO;
				DEBUG_INFORMATION_FORMAT = "dwarf-with-dsym";
				ENABLE_NS_ASSERTIONS = NO;
				ENABLE_STRICT_OBJC_MSGSEND = YES;
				ENABLE_USER_SCRIPT_SANDBOXING = YES;
				GCC_C_LANGUAGE_STANDARD = gnu17;
				GCC_NO_COMMON_BLOCKS = YES;
				GCC_WARN_64_TO_32_BIT_CONVERSION = YES;
				GCC_WARN_ABOUT_RETURN_TYPE = YES_ERROR;
				GCC_WARN_UNDECLARED_SELECTOR = YES;
				GCC_WARN_UNINITIALIZED_AUTOS = YES_AGGRESSIVE;
				GCC_WARN_UNUSED_FUNCTION = YES;
				GCC_WARN_UNUSED_VARIABLE = YES;
				IPHONEOS_DEPLOYMENT_TARGET = 17.0;
				LOCALIZATION_PREFERS_STRING_CATALOGS = YES;
				MTL_ENABLE_DEBUG_INFO = NO;
				MTL_FAST_MATH = YES;
				SDKROOT = iphoneos;
				SWIFT_COMPILATION_MODE = wholemodule;
				VALIDATE_PRODUCT = YES;
			};
			name = Release;
		};
		B84BC0282AF32415007DA73E /* Debug */ = {
			isa = XCBuildConfiguration;
			buildSettings = {
				ASSETCATALOG_COMPILER_APPICON_NAME = AppIcon;
				ASSETCATALOG_COMPILER_GLOBAL_ACCENT_COLOR_NAME = AccentColor;
				CODE_SIGN_STYLE = Automatic;
				CURRENT_PROJECT_VERSION = 1;
				DEVELOPMENT_ASSET_PATHS = "\"iTour/Preview Content\"";
				DEVELOPMENT_TEAM = HV69QD4SV2;
				ENABLE_PREVIEWS = YES;
				GENERATE_INFOPLIST_FILE = YES;
				INFOPLIST_KEY_UIApplicationSceneManifest_Generation = YES;
				INFOPLIST_KEY_UIApplicationSupportsIndirectInputEvents = YES;
				INFOPLIST_KEY_UILaunchScreen_Generation = YES;
				INFOPLIST_KEY_UISupportedInterfaceOrientations_iPad = "UIInterfaceOrientationPortrait UIInterfaceOrientationPortraitUpsideDown UIInterfaceOrientationLandscapeLeft UIInterfaceOrientationLandscapeRight";
				INFOPLIST_KEY_UISupportedInterfaceOrientations_iPhone = "UIInterfaceOrientationPortrait UIInterfaceOrientationLandscapeLeft UIInterfaceOrientationLandscapeRight";
				LD_RUNPATH_SEARCH_PATHS = (
					"$(inherited)",
					"@executable_path/Frameworks",
				);
				MARKETING_VERSION = 1.0;
				PRODUCT_BUNDLE_IDENTIFIER = "Carson-Gross.iTour";
				PRODUCT_NAME = "$(TARGET_NAME)";
				SWIFT_EMIT_LOC_STRINGS = YES;
				SWIFT_VERSION = 5.0;
				TARGETED_DEVICE_FAMILY = "1,2";
			};
			name = Debug;
		};
		B84BC0292AF32415007DA73E /* Release */ = {
			isa = XCBuildConfiguration;
			buildSettings = {
				ASSETCATALOG_COMPILER_APPICON_NAME = AppIcon;
				ASSETCATALOG_COMPILER_GLOBAL_ACCENT_COLOR_NAME = AccentColor;
				CODE_SIGN_STYLE = Automatic;
				CURRENT_PROJECT_VERSION = 1;
				DEVELOPMENT_ASSET_PATHS = "\"iTour/Preview Content\"";
				DEVELOPMENT_TEAM = HV69QD4SV2;
				ENABLE_PREVIEWS = YES;
				GENERATE_INFOPLIST_FILE = YES;
				INFOPLIST_KEY_UIApplicationSceneManifest_Generation = YES;
				INFOPLIST_KEY_UIApplicationSupportsIndirectInputEvents = YES;
				INFOPLIST_KEY_UILaunchScreen_Generation = YES;
				INFOPLIST_KEY_UISupportedInterfaceOrientations_iPad = "UIInterfaceOrientationPortrait UIInterfaceOrientationPortraitUpsideDown UIInterfaceOrientationLandscapeLeft UIInterfaceOrientationLandscapeRight";
				INFOPLIST_KEY_UISupportedInterfaceOrientations_iPhone = "UIInterfaceOrientationPortrait UIInterfaceOrientationLandscapeLeft UIInterfaceOrientationLandscapeRight";
				LD_RUNPATH_SEARCH_PATHS = (
					"$(inherited)",
					"@executable_path/Frameworks",
				);
				MARKETING_VERSION = 1.0;
				PRODUCT_BUNDLE_IDENTIFIER = "Carson-Gross.iTour";
				PRODUCT_NAME = "$(TARGET_NAME)";
				SWIFT_EMIT_LOC_STRINGS = YES;
				SWIFT_VERSION = 5.0;
				TARGETED_DEVICE_FAMILY = "1,2";
			};
			name = Release;
		};
/* End XCBuildConfiguration section */

/* Begin XCConfigurationList section */
		B84BC0142AF32415007DA73E /* Build configuration list for PBXProject "iTour" */ = {
			isa = XCConfigurationList;
			buildConfigurations = (
				B84BC0252AF32415007DA73E /* Debug */,
				B84BC0262AF32415007DA73E /* Release */,
			);
			defaultConfigurationIsVisible = 0;
			defaultConfigurationName = Release;
		};
		B84BC0272AF32415007DA73E /* Build configuration list for PBXNativeTarget "iTour" */ = {
			isa = XCConfigurationList;
			buildConfigurations = (
				B84BC0282AF32415007DA73E /* Debug */,
				B84BC0292AF32415007DA73E /* Release */,
			);
			defaultConfigurationIsVisible = 0;
			defaultConfigurationName = Release;
		};
/* End XCConfigurationList section */
	};
	rootObject = B84BC0112AF32415007DA73E /* Project object */;
}
